<?xml version="1.0" encoding="utf-8"?>
<Project ToolsVersion="4.0" xmlns="http://schemas.microsoft.com/developer/msbuild/2003">
  <ItemGroup>
    <Filter Include="Controller Interface">
      <UniqueIdentifier>{d819e249-6f99-4cf6-b080-2d42f402862f}</UniqueIdentifier>
    </Filter>
    <Filter Include="Memory Manager">
      <UniqueIdentifier>{a6760d6d-8f15-4eab-a6dd-004e466b48c8}</UniqueIdentifier>
    </Filter>
    <Filter Include="Memory Manager\HeapManager">
      <UniqueIdentifier>{31008da2-82a9-4ed0-bb2c-c7d5e51fd3ce}</UniqueIdentifier>
    </Filter>
    <Filter Include="Memory Manager\Allocator">
      <UniqueIdentifier>{dd295d0a-d17e-4c86-b7cf-d25bafb4ad64}</UniqueIdentifier>
    </Filter>
    <Filter Include="Memory Manager\BitArray">
      <UniqueIdentifier>{5005d841-5c76-4dc2-98a5-15ec02cd17f9}</UniqueIdentifier>
    </Filter>
    <Filter Include="Memory Manager\FSA">
      <UniqueIdentifier>{fcef742e-e03f-47e2-898b-4a42a4d71ee7}</UniqueIdentifier>
    </Filter>
    <Filter Include="Memory Manager\Memory System">
      <UniqueIdentifier>{bf61de2d-c67d-4305-9032-e53c9a0e2afb}</UniqueIdentifier>
    </Filter>
    <Filter Include="Physics">
      <UniqueIdentifier>{abee8a2b-88d0-4ae0-9af8-a66f76a6c16c}</UniqueIdentifier>
    </Filter>
    <Filter Include="Core">
      <UniqueIdentifier>{7393e354-fafa-4a13-9651-5dbf70c11e16}</UniqueIdentifier>
    </Filter>
    <Filter Include="Core\Input">
      <UniqueIdentifier>{b367536a-b4e9-4c02-8ca4-abdd7f92e632}</UniqueIdentifier>
    </Filter>
    <Filter Include="Core\Math">
      <UniqueIdentifier>{46119f35-c61e-4686-8198-5af7a1c14773}</UniqueIdentifier>
    </Filter>
    <Filter Include="Core\Console">
      <UniqueIdentifier>{d4bbef7f-567c-4463-815a-16ceed16c6ed}</UniqueIdentifier>
    </Filter>
    <Filter Include="Core\Engine">
      <UniqueIdentifier>{c2cef0a2-825b-487a-8ee5-6103daddd134}</UniqueIdentifier>
    </Filter>
    <Filter Include="Core\MyString">
      <UniqueIdentifier>{584c8d17-635b-45f8-be48-9400e17168a8}</UniqueIdentifier>
    </Filter>
    <Filter Include="Core\Timer">
      <UniqueIdentifier>{f8575f65-de9f-43a9-b818-916d51fe6e02}</UniqueIdentifier>
    </Filter>
    <Filter Include="Other">
      <UniqueIdentifier>{efa38490-f170-4d34-8278-d46dd06dcacc}</UniqueIdentifier>
    </Filter>
    <Filter Include="Other\Unit Tests">
      <UniqueIdentifier>{4296f834-26c7-44b3-ae14-068a2e839843}</UniqueIdentifier>
    </Filter>
    <Filter Include="Core\Renderer">
      <UniqueIdentifier>{8a5d5791-5479-434d-843e-180ef41b25cc}</UniqueIdentifier>
    </Filter>
    <Filter Include="Lua">
      <UniqueIdentifier>{db816d82-ead5-4306-9c3d-889ce62b4c36}</UniqueIdentifier>
    </Filter>
    <Filter Include="PointerManagment">
      <UniqueIdentifier>{d4f60766-942c-4c97-b8e9-7af71e5062db}</UniqueIdentifier>
    </Filter>
    <Filter Include="PointerManagment\Weak Pointer %28Observers%29">
      <UniqueIdentifier>{5a8769d0-0c6e-40d6-b4fb-e5c4c1f01b7d}</UniqueIdentifier>
    </Filter>
    <Filter Include="PointerManagment\Smart Pointer %28Owners%29">
      <UniqueIdentifier>{9f7fe9c5-7b2e-4edd-94a6-cf9ed508ad60}</UniqueIdentifier>
    </Filter>
    <Filter Include="Core\Primary">
      <UniqueIdentifier>{8216cf53-d5e5-4b9a-90b9-fee2ace796cc}</UniqueIdentifier>
    </Filter>
    <Filter Include="Core\Math\Matrix 4">
      <UniqueIdentifier>{89b57b92-3fbd-4c51-931b-b61861db0bd8}</UniqueIdentifier>
    </Filter>
    <Filter Include="Core\Renderer\RendererManager">
      <UniqueIdentifier>{92066d17-8767-4602-b693-e299b1d7af72}</UniqueIdentifier>
    </Filter>
    <Filter Include="Core\Math\Verctors">
      <UniqueIdentifier>{261fe284-9ca4-419a-9bb8-a6efbaec6871}</UniqueIdentifier>
    </Filter>
    <Filter Include="Core\Delegates">
      <UniqueIdentifier>{644f05df-3b3c-48db-96a3-0ec3075eac93}</UniqueIdentifier>
    </Filter>
    <Filter Include="Actor">
      <UniqueIdentifier>{d1436f63-301d-48f7-9c92-5b2eb8ce740e}</UniqueIdentifier>
    </Filter>
    <Filter Include="Physics\CollisionSystem">
      <UniqueIdentifier>{c80fcbfd-564b-4d8b-8dcd-66250e91fca5}</UniqueIdentifier>
    </Filter>
    <Filter Include="Core\Math\Tools">
      <UniqueIdentifier>{64dcda42-e0ac-4c6e-a028-77a9aa0c9d9e}</UniqueIdentifier>
    </Filter>
  </ItemGroup>
  <ItemGroup>
    <ClInclude Include="Physics\PhysicsComponent.h">
      <Filter>Physics</Filter>
    </ClInclude>
    <ClInclude Include="Physics\CollisionSystem\CollisionHandler.h">
      <Filter>Physics\CollisionSystem</Filter>
    </ClInclude>
    <ClInclude Include="Actor\GameObject.h">
      <Filter>Actor</Filter>
    </ClInclude>
    <ClInclude Include="Controller\IGameObjectController.h">
      <Filter>Controller Interface</Filter>
    </ClInclude>
    <ClInclude Include="Console\ConsolePrint.h">
      <Filter>Core\Console</Filter>
    </ClInclude>
    <ClInclude Include="Delegates\Delegates.h">
      <Filter>Core\Delegates</Filter>
    </ClInclude>
    <ClInclude Include="Engine\Engine.h">
      <Filter>Core\Engine</Filter>
    </ClInclude>
    <ClInclude Include="Input\InputManager.h">
      <Filter>Core\Input</Filter>
    </ClInclude>
    <ClInclude Include="Math\Matrix\Matrix_4x4.h">
      <Filter>Core\Math\Matrix 4</Filter>
    </ClInclude>
    <ClInclude Include="Math\Vectors\Vector2.h">
      <Filter>Core\Math\Verctors</Filter>
    </ClInclude>
    <ClInclude Include="Math\Vectors\Vector2D.h">
      <Filter>Core\Math\Verctors</Filter>
    </ClInclude>
    <ClInclude Include="Math\Vectors\Vector3d.h">
      <Filter>Core\Math\Verctors</Filter>
    </ClInclude>
    <ClInclude Include="Math\Vectors\Vector4d.h">
      <Filter>Core\Math\Verctors</Filter>
    </ClInclude>
    <ClInclude Include="Math\Point2D.h">
      <Filter>Core\Math\Verctors</Filter>
    </ClInclude>
    <ClInclude Include="MyString\MyString.h">
      <Filter>Core\MyString</Filter>
    </ClInclude>
    <ClInclude Include="Renderer\RendererManager.h">
      <Filter>Core\Renderer\RendererManager</Filter>
    </ClInclude>
    <ClInclude Include="Renderer\Renderer.h">
      <Filter>Core\Renderer</Filter>
    </ClInclude>
    <ClInclude Include="Timer\Timer.h">
      <Filter>Core\Timer</Filter>
    </ClInclude>
    <ClInclude Include="MemoryManagment\BitArray.h">
      <Filter>Memory Manager\BitArray</Filter>
    </ClInclude>
    <ClInclude Include="MemoryManagment\FixedSizeAllocator.h">
      <Filter>Memory Manager\FSA</Filter>
    </ClInclude>
    <ClInclude Include="MemoryManagment\HeapManager.h">
      <Filter>Memory Manager\HeapManager</Filter>
    </ClInclude>
    <ClInclude Include="MemoryManagment\HeapManagerProxy.h">
      <Filter>Memory Manager\HeapManager</Filter>
    </ClInclude>
    <ClInclude Include="MemoryManagment\MemorySystem.h">
      <Filter>Memory Manager\Memory System</Filter>
    </ClInclude>
    <ClInclude Include="PointerManagment\SmartPtr.h">
      <Filter>PointerManagment\Smart Pointer %28Owners%29</Filter>
    </ClInclude>
    <ClInclude Include="PointerManagment\WeakPtr.h">
      <Filter>PointerManagment\Weak Pointer %28Observers%29</Filter>
    </ClInclude>
    <ClInclude Include="MemoryManagment\Allocator.h">
      <Filter>Memory Manager\Allocator</Filter>
    </ClInclude>
    <ClInclude Include="SigmaEngine.h" />
    <ClInclude Include="Math\Tools\Intersection.h">
      <Filter>Core\Math\Tools</Filter>
    </ClInclude>
  </ItemGroup>
  <ItemGroup>
    <ClCompile Include="Physics\PhysicsComponent.cpp">
      <Filter>Physics</Filter>
    </ClCompile>
    <ClCompile Include="Physics\CollisionSystem\CollisionHandler.cpp">
      <Filter>Physics\CollisionSystem</Filter>
    </ClCompile>
    <ClCompile Include="Console\ConsolePrint.Win32.cpp">
      <Filter>Core\Console</Filter>
    </ClCompile>
    <ClCompile Include="Delegates\Delegates.cpp">
      <Filter>Core\Delegates</Filter>
    </ClCompile>
    <ClCompile Include="Engine\Engine.cpp">
      <Filter>Core\Engine</Filter>
    </ClCompile>
    <ClCompile Include="Input\InputManager.cpp">
      <Filter>Core\Input</Filter>
    </ClCompile>
    <ClCompile Include="Math\Matrix\Matrix_4x4.cpp">
      <Filter>Core\Math\Matrix 4</Filter>
    </ClCompile>
    <ClCompile Include="Math\Vectors\Vector2.cpp">
      <Filter>Core\Math\Verctors</Filter>
    </ClCompile>
    <ClCompile Include="Math\Vectors\Vector2D.cpp">
      <Filter>Core\Math\Verctors</Filter>
    </ClCompile>
    <ClCompile Include="Math\Vectors\Vector3d.cpp">
      <Filter>Core\Math\Verctors</Filter>
    </ClCompile>
    <ClCompile Include="Math\Point2D.cpp">
      <Filter>Core\Math\Verctors</Filter>
    </ClCompile>
    <ClCompile Include="Renderer\RendererManager.cpp">
      <Filter>Core\Renderer\RendererManager</Filter>
    </ClCompile>
    <ClCompile Include="Renderer\Renderer.cpp">
      <Filter>Core\Renderer</Filter>
    </ClCompile>
    <ClCompile Include="MemoryManagment\FixedSizeAllocator.cpp">
      <Filter>Memory Manager\FSA</Filter>
    </ClCompile>
    <ClCompile Include="MemoryManagment\HeapManager.cpp">
      <Filter>Memory Manager\HeapManager</Filter>
    </ClCompile>
    <ClCompile Include="MemoryManagment\HeapManagerProxy.cpp">
      <Filter>Memory Manager\HeapManager</Filter>
    </ClCompile>
    <ClCompile Include="MemoryManagment\MemorySystem.cpp">
      <Filter>Memory Manager\Memory System</Filter>
    </ClCompile>
    <ClCompile Include="Other\HeapManager_UnitTest.cpp">
      <Filter>Other\Unit Tests</Filter>
    </ClCompile>
    <ClCompile Include="Other\MatrixTest.cpp">
      <Filter>Other\Unit Tests</Filter>
    </ClCompile>
    <ClCompile Include="Other\Unit_test_const.cpp">
      <Filter>Other\Unit Tests</Filter>
    </ClCompile>
    <ClCompile Include="Other\Unit_Test_FixedSizeAllocator.cpp">
      <Filter>Other\Unit Tests</Filter>
    </ClCompile>
    <ClCompile Include="Other\Unit_TestFixedSizeAllocator.cpp">
      <Filter>Other\Unit Tests</Filter>
    </ClCompile>
    <ClCompile Include="MemoryManagment\Allocator.cpp">
      <Filter>Memory Manager\Allocator</Filter>
    </ClCompile>
    <ClCompile Include="MyString.cpp">
      <Filter>Core\MyString</Filter>
    </ClCompile>
    <ClCompile Include="Math\Tools\Intersection.cpp">
      <Filter>Core\Math\Tools</Filter>
    </ClCompile>
  </ItemGroup>
  <ItemGroup>
    <Text Include="ReadMe.txt" />
  </ItemGroup>
</Project>