<?xml version="1.0" encoding="utf-8"?>
<Project ToolsVersion="4.0" xmlns="http://schemas.microsoft.com/developer/msbuild/2003">
  <ItemGroup>
    <Filter Include="Game">
      <UniqueIdentifier>{b2da5ad3-f67e-4cb5-a9db-6332d2f429ed}</UniqueIdentifier>
    </Filter>
    <Filter Include="Container">
      <UniqueIdentifier>{7543df91-eb07-4afc-9bb9-917702223c63}</UniqueIdentifier>
    </Filter>
    <Filter Include="GamePlay Classes">
      <UniqueIdentifier>{feafcca8-d3fa-47ec-aa2d-007e382e0592}</UniqueIdentifier>
    </Filter>
    <Filter Include="OLD">
      <UniqueIdentifier>{1cefe816-f160-457f-8306-9c13916e7691}</UniqueIdentifier>
    </Filter>
    <Filter Include="OLD\GameControllers">
      <UniqueIdentifier>{7eb39e66-0fbf-44cb-aed6-5c06350cb408}</UniqueIdentifier>
    </Filter>
  </ItemGroup>
  <ItemGroup>
    <ClInclude Include="ObjContainer.h">
      <Filter>Container</Filter>
    </ClInclude>
    <ClInclude Include="Game.h">
      <Filter>Game</Filter>
    </ClInclude>
    <ClInclude Include="GamePlay classes\mainCharacter.h">
      <Filter>GamePlay Classes</Filter>
    </ClInclude>
    <ClInclude Include="Old Files\Map.h">
      <Filter>OLD</Filter>
    </ClInclude>
    <ClInclude Include="Old Files\Monster.h">
      <Filter>OLD</Filter>
    </ClInclude>
    <ClInclude Include="Old Files\Player.h">
      <Filter>OLD</Filter>
    </ClInclude>
    <ClInclude Include="Old Files\GhostController.h">
      <Filter>OLD\GameControllers</Filter>
    </ClInclude>
    <ClInclude Include="Old Files\PlayerController.h">
      <Filter>OLD\GameControllers</Filter>
    </ClInclude>
    <ClInclude Include="Old Files\ZombieController.h">
      <Filter>OLD\GameControllers</Filter>
    </ClInclude>
    <ClInclude Include="GamePlay classes\Platform.h">
      <Filter>GamePlay Classes</Filter>
    </ClInclude>
  </ItemGroup>
  <ItemGroup>
    <ClCompile Include="Main.cpp">
      <Filter>Game</Filter>
    </ClCompile>
    <ClCompile Include="Game.cpp">
      <Filter>Game</Filter>
    </ClCompile>
    <ClCompile Include="GamePlay classes\mainCharacter.cpp">
      <Filter>GamePlay Classes</Filter>
    </ClCompile>
    <ClCompile Include="Old Files\Map.cpp">
      <Filter>OLD</Filter>
    </ClCompile>
    <ClCompile Include="Old Files\Monster.cpp">
      <Filter>OLD</Filter>
    </ClCompile>
    <ClCompile Include="Old Files\Player.cpp">
      <Filter>OLD</Filter>
    </ClCompile>
    <ClCompile Include="GamePlay classes\Platform.cpp">
      <Filter>GamePlay Classes</Filter>
    </ClCompile>
  </ItemGroup>
</Project>